{
  "name": "indexlist 索引列表 大数据列表",
  "version": "1.1.3",
  "lockfileVersion": 1,
  "requires": true,
  "dependencies": {
    "camelcase": {
      "version": "1.2.1",
      "resolved": "https://registry.npm.taobao.org/camelcase/download/camelcase-1.2.1.tgz?cache=0&sync_timestamp=1603921799543&other_urls=https%3A%2F%2Fregistry.npm.taobao.org%2Fcamelcase%2Fdownload%2Fcamelcase-1.2.1.tgz",
      "integrity": "sha1-m7UwTS4LVmmLLHWLCKPqqdqlijk="
    },
    "uppercamelcase": {
      "version": "1.1.0",
      "resolved": "https://registry.npm.taobao.org/uppercamelcase/download/uppercamelcase-1.1.0.tgz",
      "integrity": "sha1-Mk2YprOvx+iolT4QZBUJsOTiP5c=",
      "requires": {
        "camelcase": "^1.2.1"
      }
    },
    "vue-amap": {
      "version": "0.5.10",
      "resolved": "https://registry.npm.taobao.org/vue-amap/download/vue-amap-0.5.10.tgz",
      "integrity": "sha1-RkUWIDrwwIXUBL2Kyr8kAeSjb/Y=",
      "requires": {
        "uppercamelcase": "^1.1.0"
      }
    },
    "vue-amp": {
      "version": "0.0.1",
      "resolved": "https://registry.npm.taobao.org/vue-amp/download/vue-amp-0.0.1.tgz",
      "integrity": "sha1-nrZJNGi7nv6bHiygA1EhyIBL5Io="
    }
  }
}
